
Microsoft Visual Studio Solution File, Format Version 12.00
# Visual Studio Version 17
VisualStudioVersion = 17.9.34607.119
MinimumVisualStudioVersion = 10.0.40219.1
Project("{FAE04EC0-301F-11D3-BF4B-00C04F79EFBC}") = "titiweb", "titiweb\titiweb.csproj", "{75861C35-6F4D-4FFC-B630-7445654A62E6}"
EndProject
Global
	GlobalSection(SolutionConfigurationPlatforms) = preSolution
		Debug|Any CPU = Debug|Any CPU
		Release|Any CPU = Release|Any CPU
	EndGlobalSection
	GlobalSection(ProjectConfigurationPlatforms) = postSolution
		{75861C35-6F4D-4FFC-B630-7445654A62E6}.Debug|Any CPU.ActiveCfg = Debug|Any CPU
		{75861C35-6F4D-4FFC-B630-7445654A62E6}.Debug|Any CPU.Build.0 = Debug|Any CPU
		{75861C35-6F4D-4FFC-B630-7445654A62E6}.Release|Any CPU.ActiveCfg = Release|Any CPU
		{75861C35-6F4D-4FFC-B630-7445654A62E6}.Release|Any CPU.Build.0 = Release|Any CPU
	EndGlobalSection
	GlobalSection(SolutionProperties) = preSolution
		HideSolutionNode = FALSE
	EndGlobalSection
	GlobalSection(ExtensibilityGlobals) = postSolution
		SolutionGuid = {06634660-819D-4EC5-B02A-839E30E91985}
	EndGlobalSection
EndGlobal
