
Microsoft Visual Studio Solution File, Format Version 12.00
# Visual Studio Version 17
VisualStudioVersion = 17.8.34330.188
MinimumVisualStudioVersion = 10.0.40219.1
Project("{9A19103F-16F7-4668-BE54-9A1E7A4F7556}") = "Demo01.Bibliotheque", "Demo01.Bibliotheque\Demo01.Bibliotheque.csproj", "{ADC03697-AF1D-4562-A484-0C7F0D97540D}"
EndProject
Project("{9A19103F-16F7-4668-BE54-9A1E7A4F7556}") = "Essaie.TestNUnit", "Essaie.TestNUnit\Essaie.TestNUnit.csproj", "{CB46BEAB-AEA2-42AA-B04E-DB79FC8C5645}"
EndProject
Project("{9A19103F-16F7-4668-BE54-9A1E7A4F7556}") = "TestXUnit", "TestXUnit\TestXUnit.csproj", "{6FB40C85-5B08-4838-9714-9332D35D2998}"
EndProject
Project("{2150E333-8FDC-42A3-9474-1A3956D46DE8}") = "Exo1", "Exo1", "{72C8D05E-9D25-4354-98A4-7D4CD54FF9B7}"
EndProject
Project("{2150E333-8FDC-42A3-9474-1A3956D46DE8}") = "Exo2", "Exo2", "{908BF18C-C4D8-4AF6-AF91-14AAF541E56B}"
EndProject
Project("{FAE04EC0-301F-11D3-BF4B-00C04F79EFBC}") = "Exo2.Bibliotheque", "Exo2.Bibliotheque\Exo2.Bibliotheque.csproj", "{3D1E2040-8BC0-4B45-A485-931022935A84}"
EndProject
Project("{FAE04EC0-301F-11D3-BF4B-00C04F79EFBC}") = "Exo2.Tests", "Exo2.Tests\Exo2.Tests.csproj", "{D7EB7BBB-13CA-4034-A2FE-3B8EDCE4DC04}"
EndProject
Global
	GlobalSection(SolutionConfigurationPlatforms) = preSolution
		Debug|Any CPU = Debug|Any CPU
		Release|Any CPU = Release|Any CPU
	EndGlobalSection
	GlobalSection(ProjectConfigurationPlatforms) = postSolution
		{ADC03697-AF1D-4562-A484-0C7F0D97540D}.Debug|Any CPU.ActiveCfg = Debug|Any CPU
		{ADC03697-AF1D-4562-A484-0C7F0D97540D}.Debug|Any CPU.Build.0 = Debug|Any CPU
		{ADC03697-AF1D-4562-A484-0C7F0D97540D}.Release|Any CPU.ActiveCfg = Release|Any CPU
		{ADC03697-AF1D-4562-A484-0C7F0D97540D}.Release|Any CPU.Build.0 = Release|Any CPU
		{CB46BEAB-AEA2-42AA-B04E-DB79FC8C5645}.Debug|Any CPU.ActiveCfg = Debug|Any CPU
		{CB46BEAB-AEA2-42AA-B04E-DB79FC8C5645}.Debug|Any CPU.Build.0 = Debug|Any CPU
		{CB46BEAB-AEA2-42AA-B04E-DB79FC8C5645}.Release|Any CPU.ActiveCfg = Release|Any CPU
		{CB46BEAB-AEA2-42AA-B04E-DB79FC8C5645}.Release|Any CPU.Build.0 = Release|Any CPU
		{6FB40C85-5B08-4838-9714-9332D35D2998}.Debug|Any CPU.ActiveCfg = Debug|Any CPU
		{6FB40C85-5B08-4838-9714-9332D35D2998}.Debug|Any CPU.Build.0 = Debug|Any CPU
		{6FB40C85-5B08-4838-9714-9332D35D2998}.Release|Any CPU.ActiveCfg = Release|Any CPU
		{6FB40C85-5B08-4838-9714-9332D35D2998}.Release|Any CPU.Build.0 = Release|Any CPU
		{3D1E2040-8BC0-4B45-A485-931022935A84}.Debug|Any CPU.ActiveCfg = Debug|Any CPU
		{3D1E2040-8BC0-4B45-A485-931022935A84}.Debug|Any CPU.Build.0 = Debug|Any CPU
		{3D1E2040-8BC0-4B45-A485-931022935A84}.Release|Any CPU.ActiveCfg = Release|Any CPU
		{3D1E2040-8BC0-4B45-A485-931022935A84}.Release|Any CPU.Build.0 = Release|Any CPU
		{D7EB7BBB-13CA-4034-A2FE-3B8EDCE4DC04}.Debug|Any CPU.ActiveCfg = Debug|Any CPU
		{D7EB7BBB-13CA-4034-A2FE-3B8EDCE4DC04}.Debug|Any CPU.Build.0 = Debug|Any CPU
		{D7EB7BBB-13CA-4034-A2FE-3B8EDCE4DC04}.Release|Any CPU.ActiveCfg = Release|Any CPU
		{D7EB7BBB-13CA-4034-A2FE-3B8EDCE4DC04}.Release|Any CPU.Build.0 = Release|Any CPU
	EndGlobalSection
	GlobalSection(SolutionProperties) = preSolution
		HideSolutionNode = FALSE
	EndGlobalSection
	GlobalSection(NestedProjects) = preSolution
		{ADC03697-AF1D-4562-A484-0C7F0D97540D} = {72C8D05E-9D25-4354-98A4-7D4CD54FF9B7}
		{CB46BEAB-AEA2-42AA-B04E-DB79FC8C5645} = {72C8D05E-9D25-4354-98A4-7D4CD54FF9B7}
		{6FB40C85-5B08-4838-9714-9332D35D2998} = {72C8D05E-9D25-4354-98A4-7D4CD54FF9B7}
		{3D1E2040-8BC0-4B45-A485-931022935A84} = {908BF18C-C4D8-4AF6-AF91-14AAF541E56B}
		{D7EB7BBB-13CA-4034-A2FE-3B8EDCE4DC04} = {908BF18C-C4D8-4AF6-AF91-14AAF541E56B}
	EndGlobalSection
	GlobalSection(ExtensibilityGlobals) = postSolution
		SolutionGuid = {BCA60523-A951-4910-BB61-2367394BAE05}
	EndGlobalSection
EndGlobal
