
Microsoft Visual Studio Solution File, Format Version 12.00
# Visual Studio Version 17
VisualStudioVersion = 17.8.34330.188
MinimumVisualStudioVersion = 10.0.40219.1
Project("{9A19103F-16F7-4668-BE54-9A1E7A4F7556}") = "Demo01Classes", "Demo01Classes\Demo01Classes.csproj", "{CCDBA210-CDA7-4857-8C2F-75845F913F87}"
EndProject
Project("{2150E333-8FDC-42A3-9474-1A3956D46DE8}") = "Demos", "Demos", "{255BF483-E814-4EE0-A760-C5E88BA6EE56}"
EndProject
Project("{2150E333-8FDC-42A3-9474-1A3956D46DE8}") = "Exo", "Exo", "{A289F99F-FC21-43F0-9BBC-B0DB80FDC120}"
EndProject
Project("{9A19103F-16F7-4668-BE54-9A1E7A4F7556}") = "ExoChaise", "ExoChaise\ExoChaise.csproj", "{CF36A081-FF2C-4699-A878-3EDDB69FC0F3}"
EndProject
Project("{9A19103F-16F7-4668-BE54-9A1E7A4F7556}") = "ExoSalarie", "ExoSalarie\ExoSalarie.csproj", "{5B5E5E72-7DFB-47BB-AEA3-F1CBD61EFC07}"
EndProject
Project("{9A19103F-16F7-4668-BE54-9A1E7A4F7556}") = "ExoCiternes", "ExoCiternes\ExoCiternes.csproj", "{52D94805-C404-4ED1-920D-233492916466}"
EndProject
Project("{9A19103F-16F7-4668-BE54-9A1E7A4F7556}") = "ExoPendu", "ExoPendu\ExoPendu.csproj", "{C4ED3A62-9A2E-4067-99C8-C5D8D0B0B2CE}"
EndProject
Project("{9A19103F-16F7-4668-BE54-9A1E7A4F7556}") = "SalarieHeritage", "SalarieHeritage\SalarieHeritage.csproj", "{32F9E719-12EF-4BCC-AE14-D75ADA21E5BC}"
EndProject
Project("{9A19103F-16F7-4668-BE54-9A1E7A4F7556}") = "ExoBanque", "ExoBanque\ExoBanque.csproj", "{A9714A14-2DD4-4074-8BB0-5A8B50934EB0}"
EndProject
Project("{9A19103F-16F7-4668-BE54-9A1E7A4F7556}") = "ExoFigure", "ExoFigure\ExoFigure.csproj", "{FBC7258D-FA17-4F73-B53B-0B137C2E9C01}"
EndProject
Project("{FAE04EC0-301F-11D3-BF4B-00C04F79EFBC}") = "ExoPile", "ExoPile\ExoPile.csproj", "{D9904E7E-4634-4B37-81CC-2781505EA41F}"
EndProject
Global
	GlobalSection(SolutionConfigurationPlatforms) = preSolution
		Debug|Any CPU = Debug|Any CPU
		Release|Any CPU = Release|Any CPU
	EndGlobalSection
	GlobalSection(ProjectConfigurationPlatforms) = postSolution
		{CCDBA210-CDA7-4857-8C2F-75845F913F87}.Debug|Any CPU.ActiveCfg = Debug|Any CPU
		{CCDBA210-CDA7-4857-8C2F-75845F913F87}.Debug|Any CPU.Build.0 = Debug|Any CPU
		{CCDBA210-CDA7-4857-8C2F-75845F913F87}.Release|Any CPU.ActiveCfg = Release|Any CPU
		{CCDBA210-CDA7-4857-8C2F-75845F913F87}.Release|Any CPU.Build.0 = Release|Any CPU
		{CF36A081-FF2C-4699-A878-3EDDB69FC0F3}.Debug|Any CPU.ActiveCfg = Debug|Any CPU
		{CF36A081-FF2C-4699-A878-3EDDB69FC0F3}.Debug|Any CPU.Build.0 = Debug|Any CPU
		{CF36A081-FF2C-4699-A878-3EDDB69FC0F3}.Release|Any CPU.ActiveCfg = Release|Any CPU
		{CF36A081-FF2C-4699-A878-3EDDB69FC0F3}.Release|Any CPU.Build.0 = Release|Any CPU
		{5B5E5E72-7DFB-47BB-AEA3-F1CBD61EFC07}.Debug|Any CPU.ActiveCfg = Debug|Any CPU
		{5B5E5E72-7DFB-47BB-AEA3-F1CBD61EFC07}.Debug|Any CPU.Build.0 = Debug|Any CPU
		{5B5E5E72-7DFB-47BB-AEA3-F1CBD61EFC07}.Release|Any CPU.ActiveCfg = Release|Any CPU
		{5B5E5E72-7DFB-47BB-AEA3-F1CBD61EFC07}.Release|Any CPU.Build.0 = Release|Any CPU
		{52D94805-C404-4ED1-920D-233492916466}.Debug|Any CPU.ActiveCfg = Debug|Any CPU
		{52D94805-C404-4ED1-920D-233492916466}.Debug|Any CPU.Build.0 = Debug|Any CPU
		{52D94805-C404-4ED1-920D-233492916466}.Release|Any CPU.ActiveCfg = Release|Any CPU
		{52D94805-C404-4ED1-920D-233492916466}.Release|Any CPU.Build.0 = Release|Any CPU
		{C4ED3A62-9A2E-4067-99C8-C5D8D0B0B2CE}.Debug|Any CPU.ActiveCfg = Debug|Any CPU
		{C4ED3A62-9A2E-4067-99C8-C5D8D0B0B2CE}.Debug|Any CPU.Build.0 = Debug|Any CPU
		{C4ED3A62-9A2E-4067-99C8-C5D8D0B0B2CE}.Release|Any CPU.ActiveCfg = Release|Any CPU
		{C4ED3A62-9A2E-4067-99C8-C5D8D0B0B2CE}.Release|Any CPU.Build.0 = Release|Any CPU
		{32F9E719-12EF-4BCC-AE14-D75ADA21E5BC}.Debug|Any CPU.ActiveCfg = Debug|Any CPU
		{32F9E719-12EF-4BCC-AE14-D75ADA21E5BC}.Debug|Any CPU.Build.0 = Debug|Any CPU
		{32F9E719-12EF-4BCC-AE14-D75ADA21E5BC}.Release|Any CPU.ActiveCfg = Release|Any CPU
		{32F9E719-12EF-4BCC-AE14-D75ADA21E5BC}.Release|Any CPU.Build.0 = Release|Any CPU
		{A9714A14-2DD4-4074-8BB0-5A8B50934EB0}.Debug|Any CPU.ActiveCfg = Debug|Any CPU
		{A9714A14-2DD4-4074-8BB0-5A8B50934EB0}.Debug|Any CPU.Build.0 = Debug|Any CPU
		{A9714A14-2DD4-4074-8BB0-5A8B50934EB0}.Release|Any CPU.ActiveCfg = Release|Any CPU
		{A9714A14-2DD4-4074-8BB0-5A8B50934EB0}.Release|Any CPU.Build.0 = Release|Any CPU
		{FBC7258D-FA17-4F73-B53B-0B137C2E9C01}.Debug|Any CPU.ActiveCfg = Debug|Any CPU
		{FBC7258D-FA17-4F73-B53B-0B137C2E9C01}.Debug|Any CPU.Build.0 = Debug|Any CPU
		{FBC7258D-FA17-4F73-B53B-0B137C2E9C01}.Release|Any CPU.ActiveCfg = Release|Any CPU
		{FBC7258D-FA17-4F73-B53B-0B137C2E9C01}.Release|Any CPU.Build.0 = Release|Any CPU
		{D9904E7E-4634-4B37-81CC-2781505EA41F}.Debug|Any CPU.ActiveCfg = Debug|Any CPU
		{D9904E7E-4634-4B37-81CC-2781505EA41F}.Debug|Any CPU.Build.0 = Debug|Any CPU
		{D9904E7E-4634-4B37-81CC-2781505EA41F}.Release|Any CPU.ActiveCfg = Release|Any CPU
		{D9904E7E-4634-4B37-81CC-2781505EA41F}.Release|Any CPU.Build.0 = Release|Any CPU
	EndGlobalSection
	GlobalSection(SolutionProperties) = preSolution
		HideSolutionNode = FALSE
	EndGlobalSection
	GlobalSection(NestedProjects) = preSolution
		{CCDBA210-CDA7-4857-8C2F-75845F913F87} = {255BF483-E814-4EE0-A760-C5E88BA6EE56}
		{CF36A081-FF2C-4699-A878-3EDDB69FC0F3} = {A289F99F-FC21-43F0-9BBC-B0DB80FDC120}
		{5B5E5E72-7DFB-47BB-AEA3-F1CBD61EFC07} = {A289F99F-FC21-43F0-9BBC-B0DB80FDC120}
		{52D94805-C404-4ED1-920D-233492916466} = {A289F99F-FC21-43F0-9BBC-B0DB80FDC120}
		{C4ED3A62-9A2E-4067-99C8-C5D8D0B0B2CE} = {A289F99F-FC21-43F0-9BBC-B0DB80FDC120}
		{32F9E719-12EF-4BCC-AE14-D75ADA21E5BC} = {A289F99F-FC21-43F0-9BBC-B0DB80FDC120}
		{A9714A14-2DD4-4074-8BB0-5A8B50934EB0} = {A289F99F-FC21-43F0-9BBC-B0DB80FDC120}
		{FBC7258D-FA17-4F73-B53B-0B137C2E9C01} = {A289F99F-FC21-43F0-9BBC-B0DB80FDC120}
		{D9904E7E-4634-4B37-81CC-2781505EA41F} = {A289F99F-FC21-43F0-9BBC-B0DB80FDC120}
	EndGlobalSection
	GlobalSection(ExtensibilityGlobals) = postSolution
		SolutionGuid = {D8E9EE10-34F6-4AEF-BEDC-6C853D33CAA6}
	EndGlobalSection
EndGlobal
