
Microsoft Visual Studio Solution File, Format Version 12.00
# Visual Studio Version 17
VisualStudioVersion = 17.8.34330.188
MinimumVisualStudioVersion = 10.0.40219.1
Project("{9A19103F-16F7-4668-BE54-9A1E7A4F7556}") = "Exercice1", "Exercice1\Exercice1.csproj", "{C88EE4FD-280E-46B2-A91F-382C88624587}"
EndProject
Project("{9A19103F-16F7-4668-BE54-9A1E7A4F7556}") = "Exercice3", "Exercice3\Exercice3.csproj", "{2F4B5560-A4A2-4BFB-831E-D7DF1FED85E8}"
EndProject
Project("{9A19103F-16F7-4668-BE54-9A1E7A4F7556}") = "Exercice4", "Exercice4\Exercice4.csproj", "{7519C228-7199-46B6-87C5-66EB20CFF6D6}"
EndProject
Project("{9A19103F-16F7-4668-BE54-9A1E7A4F7556}") = "Exercice5", "Exercice5\Exercice5.csproj", "{48828D37-4D29-48CB-8EA5-38C09ADFC2E1}"
EndProject
Project("{9A19103F-16F7-4668-BE54-9A1E7A4F7556}") = "Exercice2", "Exercice2\Exercice2.csproj", "{B1511F35-BF1E-43CF-8B2A-623A1712C76C}"
EndProject
Project("{9A19103F-16F7-4668-BE54-9A1E7A4F7556}") = "Exercice6", "Exercice6\Exercice6.csproj", "{55694351-165A-4E9C-BE90-1D2E517B4023}"
EndProject
Project("{9A19103F-16F7-4668-BE54-9A1E7A4F7556}") = "Exercice7", "Exercice7\Exercice7.csproj", "{D738648F-7D97-4237-A7BC-081C681E8064}"
EndProject
Project("{9A19103F-16F7-4668-BE54-9A1E7A4F7556}") = "Exercice8", "Exercice8\Exercice8.csproj", "{6F774889-73AD-4BAC-A38F-46636B8D2CC6}"
EndProject
Project("{9A19103F-16F7-4668-BE54-9A1E7A4F7556}") = "Exercice9", "Exercice9\Exercice9.csproj", "{6408B3E2-DA64-42EF-B33D-F3AC14676909}"
EndProject
Project("{9A19103F-16F7-4668-BE54-9A1E7A4F7556}") = "Exercice10", "Exercice10\Exercice10.csproj", "{6F76162A-4DF5-40FB-90DA-AFEBC6DB8F1C}"
EndProject
Project("{9A19103F-16F7-4668-BE54-9A1E7A4F7556}") = "Exercice11", "Exercice11\Exercice11.csproj", "{D67FA1E6-7C7B-41BC-94FF-4D1D792B829C}"
EndProject
Project("{9A19103F-16F7-4668-BE54-9A1E7A4F7556}") = "Exercice12", "Exercice12\Exercice12.csproj", "{0D757E82-ECB1-41E7-8342-37DFC4C0E927}"
EndProject
Project("{9A19103F-16F7-4668-BE54-9A1E7A4F7556}") = "Exercice13", "Exercice13\Exercice13.csproj", "{34A33419-D904-47A3-97D6-3A0A8EBA34F9}"
EndProject
Project("{9A19103F-16F7-4668-BE54-9A1E7A4F7556}") = "Exercice14", "Exercice14\Exercice14.csproj", "{1BC3822F-955C-4167-ABE6-ED09DE89A2F3}"
EndProject
Project("{9A19103F-16F7-4668-BE54-9A1E7A4F7556}") = "Exercice15", "Exercice15\Exercice15.csproj", "{EBCB32F5-808A-432B-90D0-EFE90A7F8781}"
EndProject
Project("{9A19103F-16F7-4668-BE54-9A1E7A4F7556}") = "Exercice17", "Exercice17\Exercice17.csproj", "{F6B8C5D4-95DE-4633-B07C-066DC400CC06}"
EndProject
Project("{9A19103F-16F7-4668-BE54-9A1E7A4F7556}") = "Exercice18", "Exercice18\Exercice18.csproj", "{CCEAC5B1-B3BE-4658-8045-F00F39C053A5}"
EndProject
Project("{9A19103F-16F7-4668-BE54-9A1E7A4F7556}") = "Exercice19", "Exercice19\Exercice19.csproj", "{2BFF8D26-F51D-4341-B227-84B3F211E2A0}"
EndProject
Project("{9A19103F-16F7-4668-BE54-9A1E7A4F7556}") = "Exercice20", "Exercice20\Exercice20.csproj", "{F3704F55-C794-4D30-8AB9-D8EC079BEC21}"
EndProject
Project("{9A19103F-16F7-4668-BE54-9A1E7A4F7556}") = "Exercice21", "Exercice21\Exercice21.csproj", "{45D02BF5-2F23-4B3A-B178-5F4FE224DE01}"
EndProject
Project("{9A19103F-16F7-4668-BE54-9A1E7A4F7556}") = "Exercice22", "Exercice22\Exercice22.csproj", "{F3BCB5F2-46E9-4B84-B549-D57D42E9839B}"
EndProject
Project("{9A19103F-16F7-4668-BE54-9A1E7A4F7556}") = "Exercice23", "Exercice23\Exercice23.csproj", "{FF6422CF-66C3-47E6-BE89-C61482F8D7C4}"
EndProject
Project("{9A19103F-16F7-4668-BE54-9A1E7A4F7556}") = "Exercice24", "Exercice24\Exercice24.csproj", "{401E8B2F-3BF9-47B0-8AE8-F56458C0897C}"
EndProject
Project("{9A19103F-16F7-4668-BE54-9A1E7A4F7556}") = "Exercice25", "Exercice25\Exercice25.csproj", "{B8DA7181-4108-493D-8954-880C5720DF78}"
EndProject
Project("{9A19103F-16F7-4668-BE54-9A1E7A4F7556}") = "Exercice25bis", "Exercice25bis\Exercice25bis.csproj", "{3B588682-1CD3-4034-AC12-82F4C77DF001}"
EndProject
Project("{9A19103F-16F7-4668-BE54-9A1E7A4F7556}") = "Exercice25Sapin", "Exercice25Sapin\Exercice25Sapin.csproj", "{D962D3D8-DA66-4AC4-8695-012656394E01}"
EndProject
Project("{9A19103F-16F7-4668-BE54-9A1E7A4F7556}") = "Exercice28", "Exercice28\Exercice28.csproj", "{8E9BC3AC-C829-471B-A7E4-289C4A7BF165}"
EndProject
Project("{9A19103F-16F7-4668-BE54-9A1E7A4F7556}") = "Exercice30", "Exercice30\Exercice30.csproj", "{31B6245B-4B68-4C0B-B6CF-B7E87B01DD43}"
EndProject
Project("{9A19103F-16F7-4668-BE54-9A1E7A4F7556}") = "Exercice31", "Exercice31\Exercice31.csproj", "{46A98ECD-093F-4449-BAC2-EBFB7882F04E}"
EndProject
Project("{9A19103F-16F7-4668-BE54-9A1E7A4F7556}") = "Exercice32", "Exercice32\Exercice32.csproj", "{A1D60E95-DB07-401A-BAA0-EB54DA295A0E}"
EndProject
Project("{9A19103F-16F7-4668-BE54-9A1E7A4F7556}") = "Exercice33", "Exercice33\Exercice33.csproj", "{7EEFE5FF-B7EF-4318-B23A-C0DE98ACF14C}"
EndProject
Project("{9A19103F-16F7-4668-BE54-9A1E7A4F7556}") = "Exercice34", "Exercice34\Exercice34.csproj", "{35A07623-83C9-4B8C-80D5-D746FD99AE78}"
EndProject
Project("{9A19103F-16F7-4668-BE54-9A1E7A4F7556}") = "Exercice35", "Exercice35\Exercice35.csproj", "{BB08E1FD-98A4-4C68-9B07-4A62FF9849CB}"
EndProject
Project("{9A19103F-16F7-4668-BE54-9A1E7A4F7556}") = "Exercice36", "Exercice36\Exercice36.csproj", "{3F9FFB83-5841-44D5-80D7-2F6486C38ECD}"
EndProject
Project("{FAE04EC0-301F-11D3-BF4B-00C04F79EFBC}") = "Exercice37", "Exercice37\Exercice37.csproj", "{F0BE4884-15D1-402E-B1C1-E153170BFBB6}"
EndProject
Project("{FAE04EC0-301F-11D3-BF4B-00C04F79EFBC}") = "Exercice38", "Exercice38\Exercice38.csproj", "{D2DF2CC8-FA4A-4831-8C37-6259B0F87B3A}"
EndProject
Project("{FAE04EC0-301F-11D3-BF4B-00C04F79EFBC}") = "Exercice39", "Exercice39\Exercice39.csproj", "{8C549180-4EF3-429E-8DC3-2C5268750965}"
EndProject
Global
	GlobalSection(SolutionConfigurationPlatforms) = preSolution
		Debug|Any CPU = Debug|Any CPU
		Release|Any CPU = Release|Any CPU
	EndGlobalSection
	GlobalSection(ProjectConfigurationPlatforms) = postSolution
		{C88EE4FD-280E-46B2-A91F-382C88624587}.Debug|Any CPU.ActiveCfg = Debug|Any CPU
		{C88EE4FD-280E-46B2-A91F-382C88624587}.Debug|Any CPU.Build.0 = Debug|Any CPU
		{C88EE4FD-280E-46B2-A91F-382C88624587}.Release|Any CPU.ActiveCfg = Release|Any CPU
		{C88EE4FD-280E-46B2-A91F-382C88624587}.Release|Any CPU.Build.0 = Release|Any CPU
		{2F4B5560-A4A2-4BFB-831E-D7DF1FED85E8}.Debug|Any CPU.ActiveCfg = Debug|Any CPU
		{2F4B5560-A4A2-4BFB-831E-D7DF1FED85E8}.Debug|Any CPU.Build.0 = Debug|Any CPU
		{2F4B5560-A4A2-4BFB-831E-D7DF1FED85E8}.Release|Any CPU.ActiveCfg = Release|Any CPU
		{2F4B5560-A4A2-4BFB-831E-D7DF1FED85E8}.Release|Any CPU.Build.0 = Release|Any CPU
		{7519C228-7199-46B6-87C5-66EB20CFF6D6}.Debug|Any CPU.ActiveCfg = Debug|Any CPU
		{7519C228-7199-46B6-87C5-66EB20CFF6D6}.Debug|Any CPU.Build.0 = Debug|Any CPU
		{7519C228-7199-46B6-87C5-66EB20CFF6D6}.Release|Any CPU.ActiveCfg = Release|Any CPU
		{7519C228-7199-46B6-87C5-66EB20CFF6D6}.Release|Any CPU.Build.0 = Release|Any CPU
		{48828D37-4D29-48CB-8EA5-38C09ADFC2E1}.Debug|Any CPU.ActiveCfg = Debug|Any CPU
		{48828D37-4D29-48CB-8EA5-38C09ADFC2E1}.Debug|Any CPU.Build.0 = Debug|Any CPU
		{48828D37-4D29-48CB-8EA5-38C09ADFC2E1}.Release|Any CPU.ActiveCfg = Release|Any CPU
		{48828D37-4D29-48CB-8EA5-38C09ADFC2E1}.Release|Any CPU.Build.0 = Release|Any CPU
		{B1511F35-BF1E-43CF-8B2A-623A1712C76C}.Debug|Any CPU.ActiveCfg = Debug|Any CPU
		{B1511F35-BF1E-43CF-8B2A-623A1712C76C}.Debug|Any CPU.Build.0 = Debug|Any CPU
		{B1511F35-BF1E-43CF-8B2A-623A1712C76C}.Release|Any CPU.ActiveCfg = Release|Any CPU
		{B1511F35-BF1E-43CF-8B2A-623A1712C76C}.Release|Any CPU.Build.0 = Release|Any CPU
		{55694351-165A-4E9C-BE90-1D2E517B4023}.Debug|Any CPU.ActiveCfg = Debug|Any CPU
		{55694351-165A-4E9C-BE90-1D2E517B4023}.Debug|Any CPU.Build.0 = Debug|Any CPU
		{55694351-165A-4E9C-BE90-1D2E517B4023}.Release|Any CPU.ActiveCfg = Release|Any CPU
		{55694351-165A-4E9C-BE90-1D2E517B4023}.Release|Any CPU.Build.0 = Release|Any CPU
		{D738648F-7D97-4237-A7BC-081C681E8064}.Debug|Any CPU.ActiveCfg = Debug|Any CPU
		{D738648F-7D97-4237-A7BC-081C681E8064}.Debug|Any CPU.Build.0 = Debug|Any CPU
		{D738648F-7D97-4237-A7BC-081C681E8064}.Release|Any CPU.ActiveCfg = Release|Any CPU
		{D738648F-7D97-4237-A7BC-081C681E8064}.Release|Any CPU.Build.0 = Release|Any CPU
		{6F774889-73AD-4BAC-A38F-46636B8D2CC6}.Debug|Any CPU.ActiveCfg = Debug|Any CPU
		{6F774889-73AD-4BAC-A38F-46636B8D2CC6}.Debug|Any CPU.Build.0 = Debug|Any CPU
		{6F774889-73AD-4BAC-A38F-46636B8D2CC6}.Release|Any CPU.ActiveCfg = Release|Any CPU
		{6F774889-73AD-4BAC-A38F-46636B8D2CC6}.Release|Any CPU.Build.0 = Release|Any CPU
		{6408B3E2-DA64-42EF-B33D-F3AC14676909}.Debug|Any CPU.ActiveCfg = Debug|Any CPU
		{6408B3E2-DA64-42EF-B33D-F3AC14676909}.Debug|Any CPU.Build.0 = Debug|Any CPU
		{6408B3E2-DA64-42EF-B33D-F3AC14676909}.Release|Any CPU.ActiveCfg = Release|Any CPU
		{6408B3E2-DA64-42EF-B33D-F3AC14676909}.Release|Any CPU.Build.0 = Release|Any CPU
		{6F76162A-4DF5-40FB-90DA-AFEBC6DB8F1C}.Debug|Any CPU.ActiveCfg = Debug|Any CPU
		{6F76162A-4DF5-40FB-90DA-AFEBC6DB8F1C}.Debug|Any CPU.Build.0 = Debug|Any CPU
		{6F76162A-4DF5-40FB-90DA-AFEBC6DB8F1C}.Release|Any CPU.ActiveCfg = Release|Any CPU
		{6F76162A-4DF5-40FB-90DA-AFEBC6DB8F1C}.Release|Any CPU.Build.0 = Release|Any CPU
		{D67FA1E6-7C7B-41BC-94FF-4D1D792B829C}.Debug|Any CPU.ActiveCfg = Debug|Any CPU
		{D67FA1E6-7C7B-41BC-94FF-4D1D792B829C}.Debug|Any CPU.Build.0 = Debug|Any CPU
		{D67FA1E6-7C7B-41BC-94FF-4D1D792B829C}.Release|Any CPU.ActiveCfg = Release|Any CPU
		{D67FA1E6-7C7B-41BC-94FF-4D1D792B829C}.Release|Any CPU.Build.0 = Release|Any CPU
		{0D757E82-ECB1-41E7-8342-37DFC4C0E927}.Debug|Any CPU.ActiveCfg = Debug|Any CPU
		{0D757E82-ECB1-41E7-8342-37DFC4C0E927}.Debug|Any CPU.Build.0 = Debug|Any CPU
		{0D757E82-ECB1-41E7-8342-37DFC4C0E927}.Release|Any CPU.ActiveCfg = Release|Any CPU
		{0D757E82-ECB1-41E7-8342-37DFC4C0E927}.Release|Any CPU.Build.0 = Release|Any CPU
		{34A33419-D904-47A3-97D6-3A0A8EBA34F9}.Debug|Any CPU.ActiveCfg = Debug|Any CPU
		{34A33419-D904-47A3-97D6-3A0A8EBA34F9}.Debug|Any CPU.Build.0 = Debug|Any CPU
		{34A33419-D904-47A3-97D6-3A0A8EBA34F9}.Release|Any CPU.ActiveCfg = Release|Any CPU
		{34A33419-D904-47A3-97D6-3A0A8EBA34F9}.Release|Any CPU.Build.0 = Release|Any CPU
		{1BC3822F-955C-4167-ABE6-ED09DE89A2F3}.Debug|Any CPU.ActiveCfg = Debug|Any CPU
		{1BC3822F-955C-4167-ABE6-ED09DE89A2F3}.Debug|Any CPU.Build.0 = Debug|Any CPU
		{1BC3822F-955C-4167-ABE6-ED09DE89A2F3}.Release|Any CPU.ActiveCfg = Release|Any CPU
		{1BC3822F-955C-4167-ABE6-ED09DE89A2F3}.Release|Any CPU.Build.0 = Release|Any CPU
		{EBCB32F5-808A-432B-90D0-EFE90A7F8781}.Debug|Any CPU.ActiveCfg = Debug|Any CPU
		{EBCB32F5-808A-432B-90D0-EFE90A7F8781}.Debug|Any CPU.Build.0 = Debug|Any CPU
		{EBCB32F5-808A-432B-90D0-EFE90A7F8781}.Release|Any CPU.ActiveCfg = Release|Any CPU
		{EBCB32F5-808A-432B-90D0-EFE90A7F8781}.Release|Any CPU.Build.0 = Release|Any CPU
		{F6B8C5D4-95DE-4633-B07C-066DC400CC06}.Debug|Any CPU.ActiveCfg = Debug|Any CPU
		{F6B8C5D4-95DE-4633-B07C-066DC400CC06}.Debug|Any CPU.Build.0 = Debug|Any CPU
		{F6B8C5D4-95DE-4633-B07C-066DC400CC06}.Release|Any CPU.ActiveCfg = Release|Any CPU
		{F6B8C5D4-95DE-4633-B07C-066DC400CC06}.Release|Any CPU.Build.0 = Release|Any CPU
		{CCEAC5B1-B3BE-4658-8045-F00F39C053A5}.Debug|Any CPU.ActiveCfg = Debug|Any CPU
		{CCEAC5B1-B3BE-4658-8045-F00F39C053A5}.Debug|Any CPU.Build.0 = Debug|Any CPU
		{CCEAC5B1-B3BE-4658-8045-F00F39C053A5}.Release|Any CPU.ActiveCfg = Release|Any CPU
		{CCEAC5B1-B3BE-4658-8045-F00F39C053A5}.Release|Any CPU.Build.0 = Release|Any CPU
		{2BFF8D26-F51D-4341-B227-84B3F211E2A0}.Debug|Any CPU.ActiveCfg = Debug|Any CPU
		{2BFF8D26-F51D-4341-B227-84B3F211E2A0}.Debug|Any CPU.Build.0 = Debug|Any CPU
		{2BFF8D26-F51D-4341-B227-84B3F211E2A0}.Release|Any CPU.ActiveCfg = Release|Any CPU
		{2BFF8D26-F51D-4341-B227-84B3F211E2A0}.Release|Any CPU.Build.0 = Release|Any CPU
		{F3704F55-C794-4D30-8AB9-D8EC079BEC21}.Debug|Any CPU.ActiveCfg = Debug|Any CPU
		{F3704F55-C794-4D30-8AB9-D8EC079BEC21}.Debug|Any CPU.Build.0 = Debug|Any CPU
		{F3704F55-C794-4D30-8AB9-D8EC079BEC21}.Release|Any CPU.ActiveCfg = Release|Any CPU
		{F3704F55-C794-4D30-8AB9-D8EC079BEC21}.Release|Any CPU.Build.0 = Release|Any CPU
		{45D02BF5-2F23-4B3A-B178-5F4FE224DE01}.Debug|Any CPU.ActiveCfg = Debug|Any CPU
		{45D02BF5-2F23-4B3A-B178-5F4FE224DE01}.Debug|Any CPU.Build.0 = Debug|Any CPU
		{45D02BF5-2F23-4B3A-B178-5F4FE224DE01}.Release|Any CPU.ActiveCfg = Release|Any CPU
		{45D02BF5-2F23-4B3A-B178-5F4FE224DE01}.Release|Any CPU.Build.0 = Release|Any CPU
		{F3BCB5F2-46E9-4B84-B549-D57D42E9839B}.Debug|Any CPU.ActiveCfg = Debug|Any CPU
		{F3BCB5F2-46E9-4B84-B549-D57D42E9839B}.Debug|Any CPU.Build.0 = Debug|Any CPU
		{F3BCB5F2-46E9-4B84-B549-D57D42E9839B}.Release|Any CPU.ActiveCfg = Release|Any CPU
		{F3BCB5F2-46E9-4B84-B549-D57D42E9839B}.Release|Any CPU.Build.0 = Release|Any CPU
		{FF6422CF-66C3-47E6-BE89-C61482F8D7C4}.Debug|Any CPU.ActiveCfg = Debug|Any CPU
		{FF6422CF-66C3-47E6-BE89-C61482F8D7C4}.Debug|Any CPU.Build.0 = Debug|Any CPU
		{FF6422CF-66C3-47E6-BE89-C61482F8D7C4}.Release|Any CPU.ActiveCfg = Release|Any CPU
		{FF6422CF-66C3-47E6-BE89-C61482F8D7C4}.Release|Any CPU.Build.0 = Release|Any CPU
		{401E8B2F-3BF9-47B0-8AE8-F56458C0897C}.Debug|Any CPU.ActiveCfg = Debug|Any CPU
		{401E8B2F-3BF9-47B0-8AE8-F56458C0897C}.Debug|Any CPU.Build.0 = Debug|Any CPU
		{401E8B2F-3BF9-47B0-8AE8-F56458C0897C}.Release|Any CPU.ActiveCfg = Release|Any CPU
		{401E8B2F-3BF9-47B0-8AE8-F56458C0897C}.Release|Any CPU.Build.0 = Release|Any CPU
		{B8DA7181-4108-493D-8954-880C5720DF78}.Debug|Any CPU.ActiveCfg = Debug|Any CPU
		{B8DA7181-4108-493D-8954-880C5720DF78}.Debug|Any CPU.Build.0 = Debug|Any CPU
		{B8DA7181-4108-493D-8954-880C5720DF78}.Release|Any CPU.ActiveCfg = Release|Any CPU
		{B8DA7181-4108-493D-8954-880C5720DF78}.Release|Any CPU.Build.0 = Release|Any CPU
		{3B588682-1CD3-4034-AC12-82F4C77DF001}.Debug|Any CPU.ActiveCfg = Debug|Any CPU
		{3B588682-1CD3-4034-AC12-82F4C77DF001}.Debug|Any CPU.Build.0 = Debug|Any CPU
		{3B588682-1CD3-4034-AC12-82F4C77DF001}.Release|Any CPU.ActiveCfg = Release|Any CPU
		{3B588682-1CD3-4034-AC12-82F4C77DF001}.Release|Any CPU.Build.0 = Release|Any CPU
		{D962D3D8-DA66-4AC4-8695-012656394E01}.Debug|Any CPU.ActiveCfg = Debug|Any CPU
		{D962D3D8-DA66-4AC4-8695-012656394E01}.Debug|Any CPU.Build.0 = Debug|Any CPU
		{D962D3D8-DA66-4AC4-8695-012656394E01}.Release|Any CPU.ActiveCfg = Release|Any CPU
		{D962D3D8-DA66-4AC4-8695-012656394E01}.Release|Any CPU.Build.0 = Release|Any CPU
		{8E9BC3AC-C829-471B-A7E4-289C4A7BF165}.Debug|Any CPU.ActiveCfg = Debug|Any CPU
		{8E9BC3AC-C829-471B-A7E4-289C4A7BF165}.Debug|Any CPU.Build.0 = Debug|Any CPU
		{8E9BC3AC-C829-471B-A7E4-289C4A7BF165}.Release|Any CPU.ActiveCfg = Release|Any CPU
		{8E9BC3AC-C829-471B-A7E4-289C4A7BF165}.Release|Any CPU.Build.0 = Release|Any CPU
		{31B6245B-4B68-4C0B-B6CF-B7E87B01DD43}.Debug|Any CPU.ActiveCfg = Debug|Any CPU
		{31B6245B-4B68-4C0B-B6CF-B7E87B01DD43}.Debug|Any CPU.Build.0 = Debug|Any CPU
		{31B6245B-4B68-4C0B-B6CF-B7E87B01DD43}.Release|Any CPU.ActiveCfg = Release|Any CPU
		{31B6245B-4B68-4C0B-B6CF-B7E87B01DD43}.Release|Any CPU.Build.0 = Release|Any CPU
		{46A98ECD-093F-4449-BAC2-EBFB7882F04E}.Debug|Any CPU.ActiveCfg = Debug|Any CPU
		{46A98ECD-093F-4449-BAC2-EBFB7882F04E}.Debug|Any CPU.Build.0 = Debug|Any CPU
		{46A98ECD-093F-4449-BAC2-EBFB7882F04E}.Release|Any CPU.ActiveCfg = Release|Any CPU
		{46A98ECD-093F-4449-BAC2-EBFB7882F04E}.Release|Any CPU.Build.0 = Release|Any CPU
		{A1D60E95-DB07-401A-BAA0-EB54DA295A0E}.Debug|Any CPU.ActiveCfg = Debug|Any CPU
		{A1D60E95-DB07-401A-BAA0-EB54DA295A0E}.Debug|Any CPU.Build.0 = Debug|Any CPU
		{A1D60E95-DB07-401A-BAA0-EB54DA295A0E}.Release|Any CPU.ActiveCfg = Release|Any CPU
		{A1D60E95-DB07-401A-BAA0-EB54DA295A0E}.Release|Any CPU.Build.0 = Release|Any CPU
		{7EEFE5FF-B7EF-4318-B23A-C0DE98ACF14C}.Debug|Any CPU.ActiveCfg = Debug|Any CPU
		{7EEFE5FF-B7EF-4318-B23A-C0DE98ACF14C}.Debug|Any CPU.Build.0 = Debug|Any CPU
		{7EEFE5FF-B7EF-4318-B23A-C0DE98ACF14C}.Release|Any CPU.ActiveCfg = Release|Any CPU
		{7EEFE5FF-B7EF-4318-B23A-C0DE98ACF14C}.Release|Any CPU.Build.0 = Release|Any CPU
		{35A07623-83C9-4B8C-80D5-D746FD99AE78}.Debug|Any CPU.ActiveCfg = Debug|Any CPU
		{35A07623-83C9-4B8C-80D5-D746FD99AE78}.Debug|Any CPU.Build.0 = Debug|Any CPU
		{35A07623-83C9-4B8C-80D5-D746FD99AE78}.Release|Any CPU.ActiveCfg = Release|Any CPU
		{35A07623-83C9-4B8C-80D5-D746FD99AE78}.Release|Any CPU.Build.0 = Release|Any CPU
		{BB08E1FD-98A4-4C68-9B07-4A62FF9849CB}.Debug|Any CPU.ActiveCfg = Debug|Any CPU
		{BB08E1FD-98A4-4C68-9B07-4A62FF9849CB}.Debug|Any CPU.Build.0 = Debug|Any CPU
		{BB08E1FD-98A4-4C68-9B07-4A62FF9849CB}.Release|Any CPU.ActiveCfg = Release|Any CPU
		{BB08E1FD-98A4-4C68-9B07-4A62FF9849CB}.Release|Any CPU.Build.0 = Release|Any CPU
		{3F9FFB83-5841-44D5-80D7-2F6486C38ECD}.Debug|Any CPU.ActiveCfg = Debug|Any CPU
		{3F9FFB83-5841-44D5-80D7-2F6486C38ECD}.Debug|Any CPU.Build.0 = Debug|Any CPU
		{3F9FFB83-5841-44D5-80D7-2F6486C38ECD}.Release|Any CPU.ActiveCfg = Release|Any CPU
		{3F9FFB83-5841-44D5-80D7-2F6486C38ECD}.Release|Any CPU.Build.0 = Release|Any CPU
		{F0BE4884-15D1-402E-B1C1-E153170BFBB6}.Debug|Any CPU.ActiveCfg = Debug|Any CPU
		{F0BE4884-15D1-402E-B1C1-E153170BFBB6}.Debug|Any CPU.Build.0 = Debug|Any CPU
		{F0BE4884-15D1-402E-B1C1-E153170BFBB6}.Release|Any CPU.ActiveCfg = Release|Any CPU
		{F0BE4884-15D1-402E-B1C1-E153170BFBB6}.Release|Any CPU.Build.0 = Release|Any CPU
		{D2DF2CC8-FA4A-4831-8C37-6259B0F87B3A}.Debug|Any CPU.ActiveCfg = Debug|Any CPU
		{D2DF2CC8-FA4A-4831-8C37-6259B0F87B3A}.Debug|Any CPU.Build.0 = Debug|Any CPU
		{D2DF2CC8-FA4A-4831-8C37-6259B0F87B3A}.Release|Any CPU.ActiveCfg = Release|Any CPU
		{D2DF2CC8-FA4A-4831-8C37-6259B0F87B3A}.Release|Any CPU.Build.0 = Release|Any CPU
		{8C549180-4EF3-429E-8DC3-2C5268750965}.Debug|Any CPU.ActiveCfg = Debug|Any CPU
		{8C549180-4EF3-429E-8DC3-2C5268750965}.Debug|Any CPU.Build.0 = Debug|Any CPU
		{8C549180-4EF3-429E-8DC3-2C5268750965}.Release|Any CPU.ActiveCfg = Release|Any CPU
		{8C549180-4EF3-429E-8DC3-2C5268750965}.Release|Any CPU.Build.0 = Release|Any CPU
	EndGlobalSection
	GlobalSection(SolutionProperties) = preSolution
		HideSolutionNode = FALSE
	EndGlobalSection
	GlobalSection(ExtensibilityGlobals) = postSolution
		SolutionGuid = {CB6FFD85-6A87-494E-BD99-B520B832A7DB}
	EndGlobalSection
EndGlobal
