
Microsoft Visual Studio Solution File, Format Version 12.00
# Visual Studio Version 17
VisualStudioVersion = 17.8.34330.188
MinimumVisualStudioVersion = 10.0.40219.1
Project("{9A19103F-16F7-4668-BE54-9A1E7A4F7556}") = "Exercice1", "Exercice1\Exercice1.csproj", "{C88EE4FD-280E-46B2-A91F-382C88624587}"
EndProject
Project("{9A19103F-16F7-4668-BE54-9A1E7A4F7556}") = "Exercice3", "Exercice3\Exercice3.csproj", "{2F4B5560-A4A2-4BFB-831E-D7DF1FED85E8}"
EndProject
Project("{9A19103F-16F7-4668-BE54-9A1E7A4F7556}") = "Exercice4", "Exercice4\Exercice4.csproj", "{7519C228-7199-46B6-87C5-66EB20CFF6D6}"
EndProject
Project("{9A19103F-16F7-4668-BE54-9A1E7A4F7556}") = "Exercice5", "Exercice5\Exercice5.csproj", "{48828D37-4D29-48CB-8EA5-38C09ADFC2E1}"
EndProject
Project("{9A19103F-16F7-4668-BE54-9A1E7A4F7556}") = "Exercice2", "Exercice2\Exercice2.csproj", "{B1511F35-BF1E-43CF-8B2A-623A1712C76C}"
EndProject
Project("{FAE04EC0-301F-11D3-BF4B-00C04F79EFBC}") = "Exercice6", "Exercice6\Exercice6.csproj", "{55694351-165A-4E9C-BE90-1D2E517B4023}"
EndProject
Global
	GlobalSection(SolutionConfigurationPlatforms) = preSolution
		Debug|Any CPU = Debug|Any CPU
		Release|Any CPU = Release|Any CPU
	EndGlobalSection
	GlobalSection(ProjectConfigurationPlatforms) = postSolution
		{C88EE4FD-280E-46B2-A91F-382C88624587}.Debug|Any CPU.ActiveCfg = Debug|Any CPU
		{C88EE4FD-280E-46B2-A91F-382C88624587}.Debug|Any CPU.Build.0 = Debug|Any CPU
		{C88EE4FD-280E-46B2-A91F-382C88624587}.Release|Any CPU.ActiveCfg = Release|Any CPU
		{C88EE4FD-280E-46B2-A91F-382C88624587}.Release|Any CPU.Build.0 = Release|Any CPU
		{2F4B5560-A4A2-4BFB-831E-D7DF1FED85E8}.Debug|Any CPU.ActiveCfg = Debug|Any CPU
		{2F4B5560-A4A2-4BFB-831E-D7DF1FED85E8}.Debug|Any CPU.Build.0 = Debug|Any CPU
		{2F4B5560-A4A2-4BFB-831E-D7DF1FED85E8}.Release|Any CPU.ActiveCfg = Release|Any CPU
		{2F4B5560-A4A2-4BFB-831E-D7DF1FED85E8}.Release|Any CPU.Build.0 = Release|Any CPU
		{7519C228-7199-46B6-87C5-66EB20CFF6D6}.Debug|Any CPU.ActiveCfg = Debug|Any CPU
		{7519C228-7199-46B6-87C5-66EB20CFF6D6}.Debug|Any CPU.Build.0 = Debug|Any CPU
		{7519C228-7199-46B6-87C5-66EB20CFF6D6}.Release|Any CPU.ActiveCfg = Release|Any CPU
		{7519C228-7199-46B6-87C5-66EB20CFF6D6}.Release|Any CPU.Build.0 = Release|Any CPU
		{48828D37-4D29-48CB-8EA5-38C09ADFC2E1}.Debug|Any CPU.ActiveCfg = Debug|Any CPU
		{48828D37-4D29-48CB-8EA5-38C09ADFC2E1}.Debug|Any CPU.Build.0 = Debug|Any CPU
		{48828D37-4D29-48CB-8EA5-38C09ADFC2E1}.Release|Any CPU.ActiveCfg = Release|Any CPU
		{48828D37-4D29-48CB-8EA5-38C09ADFC2E1}.Release|Any CPU.Build.0 = Release|Any CPU
		{B1511F35-BF1E-43CF-8B2A-623A1712C76C}.Debug|Any CPU.ActiveCfg = Debug|Any CPU
		{B1511F35-BF1E-43CF-8B2A-623A1712C76C}.Debug|Any CPU.Build.0 = Debug|Any CPU
		{B1511F35-BF1E-43CF-8B2A-623A1712C76C}.Release|Any CPU.ActiveCfg = Release|Any CPU
		{B1511F35-BF1E-43CF-8B2A-623A1712C76C}.Release|Any CPU.Build.0 = Release|Any CPU
		{55694351-165A-4E9C-BE90-1D2E517B4023}.Debug|Any CPU.ActiveCfg = Debug|Any CPU
		{55694351-165A-4E9C-BE90-1D2E517B4023}.Debug|Any CPU.Build.0 = Debug|Any CPU
		{55694351-165A-4E9C-BE90-1D2E517B4023}.Release|Any CPU.ActiveCfg = Release|Any CPU
		{55694351-165A-4E9C-BE90-1D2E517B4023}.Release|Any CPU.Build.0 = Release|Any CPU
	EndGlobalSection
	GlobalSection(SolutionProperties) = preSolution
		HideSolutionNode = FALSE
	EndGlobalSection
	GlobalSection(ExtensibilityGlobals) = postSolution
		SolutionGuid = {CB6FFD85-6A87-494E-BD99-B520B832A7DB}
	EndGlobalSection
EndGlobal
